
Microsoft Visual Studio Solution File, Format Version 12.00
# Visual Studio Version 16
VisualStudioVersion = 16.0.31205.134
MinimumVisualStudioVersion = 10.0.40219.1
Project("{FAE04EC0-301F-11D3-BF4B-00C04F79EFBC}") = "GitHubNotifications", "GitHubNotifications\GitHubNotifications.csproj", "{B3087B3E-491A-4BCA-AF9B-0A9DB10B46B6}"
EndProject
Global
	GlobalSection(SolutionConfigurationPlatforms) = preSolution
		Debug|Any CPU = Debug|Any CPU
		Release|Any CPU = Release|Any CPU
	EndGlobalSection
	GlobalSection(ProjectConfigurationPlatforms) = postSolution
		{B3087B3E-491A-4BCA-AF9B-0A9DB10B46B6}.Debug|Any CPU.ActiveCfg = Debug|Any CPU
		{B3087B3E-491A-4BCA-AF9B-0A9DB10B46B6}.Debug|Any CPU.Build.0 = Debug|Any CPU
		{B3087B3E-491A-4BCA-AF9B-0A9DB10B46B6}.Release|Any CPU.ActiveCfg = Release|Any CPU
		{B3087B3E-491A-4BCA-AF9B-0A9DB10B46B6}.Release|Any CPU.Build.0 = Release|Any CPU
	EndGlobalSection
	GlobalSection(SolutionProperties) = preSolution
		HideSolutionNode = FALSE
	EndGlobalSection
	GlobalSection(ExtensibilityGlobals) = postSolution
		SolutionGuid = {0EE636AE-BC69-433F-9C3D-F249F7326357}
	EndGlobalSection
EndGlobal
