
Microsoft Visual Studio Solution File, Format Version 12.00
# Visual Studio Version 16
VisualStudioVersion = 16.0.31205.134
MinimumVisualStudioVersion = 10.0.40219.1
Project("{FAE04EC0-301F-11D3-BF4B-00C04F79EFBC}") = "GitHubNotifications.Server", "GitHubNotifications\Server\GitHubNotifications.Server.csproj", "{D4E5DB2E-ABD8-4B93-B15C-4D5A2F256815}"
EndProject
Project("{FAE04EC0-301F-11D3-BF4B-00C04F79EFBC}") = "GitHubNotifications.Client", "GitHubNotifications\Client\GitHubNotifications.Client.csproj", "{084837E8-B062-4F31-BC74-2D955BDE90A7}"
EndProject
Project("{FAE04EC0-301F-11D3-BF4B-00C04F79EFBC}") = "GitHubNotifications.Shared", "GitHubNotifications\Shared\GitHubNotifications.Shared.csproj", "{62242E97-0559-4FAC-B189-423C4AE2E585}"
EndProject
Global
	GlobalSection(SolutionConfigurationPlatforms) = preSolution
		Debug|Any CPU = Debug|Any CPU
		Release|Any CPU = Release|Any CPU
	EndGlobalSection
	GlobalSection(ProjectConfigurationPlatforms) = postSolution
		{D4E5DB2E-ABD8-4B93-B15C-4D5A2F256815}.Debug|Any CPU.ActiveCfg = Debug|Any CPU
		{D4E5DB2E-ABD8-4B93-B15C-4D5A2F256815}.Debug|Any CPU.Build.0 = Debug|Any CPU
		{D4E5DB2E-ABD8-4B93-B15C-4D5A2F256815}.Release|Any CPU.ActiveCfg = Release|Any CPU
		{D4E5DB2E-ABD8-4B93-B15C-4D5A2F256815}.Release|Any CPU.Build.0 = Release|Any CPU
		{084837E8-B062-4F31-BC74-2D955BDE90A7}.Debug|Any CPU.ActiveCfg = Debug|Any CPU
		{084837E8-B062-4F31-BC74-2D955BDE90A7}.Debug|Any CPU.Build.0 = Debug|Any CPU
		{084837E8-B062-4F31-BC74-2D955BDE90A7}.Release|Any CPU.ActiveCfg = Release|Any CPU
		{084837E8-B062-4F31-BC74-2D955BDE90A7}.Release|Any CPU.Build.0 = Release|Any CPU
		{62242E97-0559-4FAC-B189-423C4AE2E585}.Debug|Any CPU.ActiveCfg = Debug|Any CPU
		{62242E97-0559-4FAC-B189-423C4AE2E585}.Debug|Any CPU.Build.0 = Debug|Any CPU
		{62242E97-0559-4FAC-B189-423C4AE2E585}.Release|Any CPU.ActiveCfg = Release|Any CPU
		{62242E97-0559-4FAC-B189-423C4AE2E585}.Release|Any CPU.Build.0 = Release|Any CPU
	EndGlobalSection
	GlobalSection(SolutionProperties) = preSolution
		HideSolutionNode = FALSE
	EndGlobalSection
	GlobalSection(ExtensibilityGlobals) = postSolution
		SolutionGuid = {1781DE74-09B3-45F3-9D15-6B9C1588A629}
	EndGlobalSection
EndGlobal
