
Microsoft Visual Studio Solution File, Format Version 12.00
# Visual Studio Version 16
VisualStudioVersion = 16.0.31205.134
MinimumVisualStudioVersion = 10.0.40219.1
Project("{FAE04EC0-301F-11D3-BF4B-00C04F79EFBC}") = "GitHubNotifications.Server", "GitHubNotifications\Server\GitHubNotifications.Server.csproj", "{DA407A98-9CC6-4889-A392-F17CE99F41FD}"
EndProject
Project("{FAE04EC0-301F-11D3-BF4B-00C04F79EFBC}") = "GitHubNotifications.Client", "GitHubNotifications\Client\GitHubNotifications.Client.csproj", "{FE9D2A8C-3450-40DF-8C86-3A29F76C74C3}"
EndProject
Project("{FAE04EC0-301F-11D3-BF4B-00C04F79EFBC}") = "GitHubNotifications.Shared", "GitHubNotifications\Shared\GitHubNotifications.Shared.csproj", "{504FF20F-2C90-4B97-AA9B-BA4EA97383AC}"
EndProject
Project("{2150E333-8FDC-42A3-9474-1A3956D46DE8}") = "GitHubNotifications", "GitHubNotifications", "{43283531-9297-442F-B069-D3B766518D90}"
EndProject
Project("{FAE04EC0-301F-11D3-BF4B-00C04F79EFBC}") = "GitHubNotifications.Tests", "GitHubNotifications\Tests\GitHubNotifications.Tests.csproj", "{2531034B-B569-49A0-9B61-ACB73A0E2FA9}"
EndProject
Global
	GlobalSection(SolutionConfigurationPlatforms) = preSolution
		Debug|Any CPU = Debug|Any CPU
		Release|Any CPU = Release|Any CPU
	EndGlobalSection
	GlobalSection(ProjectConfigurationPlatforms) = postSolution
		{DA407A98-9CC6-4889-A392-F17CE99F41FD}.Debug|Any CPU.ActiveCfg = Debug|Any CPU
		{DA407A98-9CC6-4889-A392-F17CE99F41FD}.Debug|Any CPU.Build.0 = Debug|Any CPU
		{DA407A98-9CC6-4889-A392-F17CE99F41FD}.Release|Any CPU.ActiveCfg = Release|Any CPU
		{DA407A98-9CC6-4889-A392-F17CE99F41FD}.Release|Any CPU.Build.0 = Release|Any CPU
		{FE9D2A8C-3450-40DF-8C86-3A29F76C74C3}.Debug|Any CPU.ActiveCfg = Debug|Any CPU
		{FE9D2A8C-3450-40DF-8C86-3A29F76C74C3}.Debug|Any CPU.Build.0 = Debug|Any CPU
		{FE9D2A8C-3450-40DF-8C86-3A29F76C74C3}.Release|Any CPU.ActiveCfg = Release|Any CPU
		{FE9D2A8C-3450-40DF-8C86-3A29F76C74C3}.Release|Any CPU.Build.0 = Release|Any CPU
		{504FF20F-2C90-4B97-AA9B-BA4EA97383AC}.Debug|Any CPU.ActiveCfg = Debug|Any CPU
		{504FF20F-2C90-4B97-AA9B-BA4EA97383AC}.Debug|Any CPU.Build.0 = Debug|Any CPU
		{504FF20F-2C90-4B97-AA9B-BA4EA97383AC}.Release|Any CPU.ActiveCfg = Release|Any CPU
		{504FF20F-2C90-4B97-AA9B-BA4EA97383AC}.Release|Any CPU.Build.0 = Release|Any CPU
		{2531034B-B569-49A0-9B61-ACB73A0E2FA9}.Debug|Any CPU.ActiveCfg = Debug|Any CPU
		{2531034B-B569-49A0-9B61-ACB73A0E2FA9}.Debug|Any CPU.Build.0 = Debug|Any CPU
		{2531034B-B569-49A0-9B61-ACB73A0E2FA9}.Release|Any CPU.ActiveCfg = Release|Any CPU
		{2531034B-B569-49A0-9B61-ACB73A0E2FA9}.Release|Any CPU.Build.0 = Release|Any CPU
	EndGlobalSection
	GlobalSection(SolutionProperties) = preSolution
		HideSolutionNode = FALSE
	EndGlobalSection
	GlobalSection(ExtensibilityGlobals) = postSolution
		SolutionGuid = {4D223939-5B7C-4430-B9B3-BE016FD6DE48}
	EndGlobalSection
	GlobalSection(NestedProjects) = preSolution
		{2531034B-B569-49A0-9B61-ACB73A0E2FA9} = {43283531-9297-442F-B069-D3B766518D90}
	EndGlobalSection
EndGlobal
